
Microsoft Visual Studio Solution File, Format Version 12.00
# Visual Studio Version 17
VisualStudioVersion = 17.0.31903.59
MinimumVisualStudioVersion = 10.0.40219.1
Project("{2150E333-8FDC-42A3-9474-1A3956D46DE8}") = "src", "src", "{99FC3803-0CD9-4EDB-AF90-97682A304FC1}"
EndProject
Project("{FAE04EC0-301F-11D3-BF4B-00C04F79EFBC}") = "DotInfraKit", "src\DotInfraKit\DotInfraKit.csproj", "{03B3F181-5EF4-4BB7-9893-25EFB98B778A}"
EndProject
Project("{FAE04EC0-301F-11D3-BF4B-00C04F79EFBC}") = "DotInfraKit.Scheduler", "src\DotInfraKit.Scheduler\DotInfraKit.Scheduler.csproj", "{4C4A45F2-7FFD-4799-8813-68F08FE66944}"
EndProject
Project("{FAE04EC0-301F-11D3-BF4B-00C04F79EFBC}") = "DotInfraKit.Queue", "src\DotInfraKit.Queue\DotInfraKit.Queue.csproj", "{8BA9F4F8-F871-4E3E-B0D6-772EBF6DA044}"
EndProject
Project("{FAE04EC0-301F-11D3-BF4B-00C04F79EFBC}") = "DotInfraKit.Queue.Redis", "src\DotInfraKit.Queue.Redis\DotInfraKit.Queue.Redis.csproj", "{DC08DBEA-2F96-4E3B-B5D6-0813AC9A5E7E}"
EndProject
Project("{FAE04EC0-301F-11D3-BF4B-00C04F79EFBC}") = "DotInfraKit.Queue.Database", "src\DotInfraKit.Queue.Database\DotInfraKit.Queue.Database.csproj", "{5D546871-A353-4217-B6C3-ACC246F6F45E}"
EndProject
Project("{FAE04EC0-301F-11D3-BF4B-00C04F79EFBC}") = "DotInfraKit.Cache", "src\DotInfraKit.Cache\DotInfraKit.Cache.csproj", "{0E645EBA-A244-4136-9DFF-5DBFC13A00C6}"
EndProject
Project("{FAE04EC0-301F-11D3-BF4B-00C04F79EFBC}") = "DotInfraKit.Testing", "src\DotInfraKit.Testing\DotInfraKit.Testing.csproj", "{7A60D449-E4AD-4B0F-84F8-7716C897A95D}"
EndProject
Project("{FAE04EC0-301F-11D3-BF4B-00C04F79EFBC}") = "DotInfraKit.Testing.FluentAssertions", "src\DotInfraKit.Testing.FluentAssertions\DotInfraKit.Testing.FluentAssertions.csproj", "{00DE5197-F993-4E9E-BA7B-9E92656C8101}"
EndProject
Project("{2150E333-8FDC-42A3-9474-1A3956D46DE8}") = "tests", "tests", "{DD4A1557-C02C-4250-81B8-D7E9C9D9F79E}"
EndProject
Project("{FAE04EC0-301F-11D3-BF4B-00C04F79EFBC}") = "DotInfraKit.Scheduler.Tests", "tests\DotInfraKit.Scheduler.Tests\DotInfraKit.Scheduler.Tests.csproj", "{AA532090-0443-4C9D-A74D-22DEA9016384}"
EndProject
Project("{FAE04EC0-301F-11D3-BF4B-00C04F79EFBC}") = "DotInfraKit.Queue.Tests", "tests\DotInfraKit.Queue.Tests\DotInfraKit.Queue.Tests.csproj", "{95C6836F-0A7C-438C-8FA9-08DFE2DCB2CE}"
EndProject
Project("{FAE04EC0-301F-11D3-BF4B-00C04F79EFBC}") = "DotInfraKit.Cache.Tests", "tests\DotInfraKit.Cache.Tests\DotInfraKit.Cache.Tests.csproj", "{DB55A6A3-382E-47B0-A9C4-7B0AC13DA2F8}"
EndProject
Project("{FAE04EC0-301F-11D3-BF4B-00C04F79EFBC}") = "DotInfraKit.IntegrationTests", "tests\DotInfraKit.IntegrationTests\DotInfraKit.IntegrationTests.csproj", "{A1114995-2EB6-4906-848E-5E81423F30F8}"
EndProject
Project("{FAE04EC0-301F-11D3-BF4B-00C04F79EFBC}") = "DotInfraKit.Testing.Tests", "tests\DotInfraKit.Testing.Tests\DotInfraKit.Testing.Tests.csproj", "{BC7B03E2-8658-4235-A47C-F41333BFA818}"
EndProject
Project("{FAE04EC0-301F-11D3-BF4B-00C04F79EFBC}") = "DotInfraKit.Queue.Monitoring", "src\DotInfraKit.Queue.Monitoring\DotInfraKit.Queue.Monitoring.csproj", "{7E5A1A0A-88A0-4F41-A8EF-8873201FEFA5}"
EndProject
Project("{FAE04EC0-301F-11D3-BF4B-00C04F79EFBC}") = "DotInfraKit.Queue.Monitoring.Tests", "tests\DotInfraKit.Queue.Monitoring.Tests\DotInfraKit.Queue.Monitoring.Tests.csproj", "{0E0E0C5F-0E64-4879-888A-1A6564E1D994}"
EndProject
Global
	GlobalSection(SolutionConfigurationPlatforms) = preSolution
		Debug|Any CPU = Debug|Any CPU
		Release|Any CPU = Release|Any CPU
	EndGlobalSection
	GlobalSection(SolutionProperties) = preSolution
		HideSolutionNode = FALSE
	EndGlobalSection
	GlobalSection(ProjectConfigurationPlatforms) = postSolution
		{03B3F181-5EF4-4BB7-9893-25EFB98B778A}.Debug|Any CPU.ActiveCfg = Debug|Any CPU
		{03B3F181-5EF4-4BB7-9893-25EFB98B778A}.Debug|Any CPU.Build.0 = Debug|Any CPU
		{03B3F181-5EF4-4BB7-9893-25EFB98B778A}.Release|Any CPU.ActiveCfg = Release|Any CPU
		{03B3F181-5EF4-4BB7-9893-25EFB98B778A}.Release|Any CPU.Build.0 = Release|Any CPU
		{4C4A45F2-7FFD-4799-8813-68F08FE66944}.Debug|Any CPU.ActiveCfg = Debug|Any CPU
		{4C4A45F2-7FFD-4799-8813-68F08FE66944}.Debug|Any CPU.Build.0 = Debug|Any CPU
		{4C4A45F2-7FFD-4799-8813-68F08FE66944}.Release|Any CPU.ActiveCfg = Release|Any CPU
		{4C4A45F2-7FFD-4799-8813-68F08FE66944}.Release|Any CPU.Build.0 = Release|Any CPU
		{8BA9F4F8-F871-4E3E-B0D6-772EBF6DA044}.Debug|Any CPU.ActiveCfg = Debug|Any CPU
		{8BA9F4F8-F871-4E3E-B0D6-772EBF6DA044}.Debug|Any CPU.Build.0 = Debug|Any CPU
		{8BA9F4F8-F871-4E3E-B0D6-772EBF6DA044}.Release|Any CPU.ActiveCfg = Release|Any CPU
		{8BA9F4F8-F871-4E3E-B0D6-772EBF6DA044}.Release|Any CPU.Build.0 = Release|Any CPU
		{DC08DBEA-2F96-4E3B-B5D6-0813AC9A5E7E}.Debug|Any CPU.ActiveCfg = Debug|Any CPU
		{DC08DBEA-2F96-4E3B-B5D6-0813AC9A5E7E}.Debug|Any CPU.Build.0 = Debug|Any CPU
		{DC08DBEA-2F96-4E3B-B5D6-0813AC9A5E7E}.Release|Any CPU.ActiveCfg = Release|Any CPU
		{DC08DBEA-2F96-4E3B-B5D6-0813AC9A5E7E}.Release|Any CPU.Build.0 = Release|Any CPU
		{5D546871-A353-4217-B6C3-ACC246F6F45E}.Debug|Any CPU.ActiveCfg = Debug|Any CPU
		{5D546871-A353-4217-B6C3-ACC246F6F45E}.Debug|Any CPU.Build.0 = Debug|Any CPU
		{5D546871-A353-4217-B6C3-ACC246F6F45E}.Release|Any CPU.ActiveCfg = Release|Any CPU
		{5D546871-A353-4217-B6C3-ACC246F6F45E}.Release|Any CPU.Build.0 = Release|Any CPU
		{0E645EBA-A244-4136-9DFF-5DBFC13A00C6}.Debug|Any CPU.ActiveCfg = Debug|Any CPU
		{0E645EBA-A244-4136-9DFF-5DBFC13A00C6}.Debug|Any CPU.Build.0 = Debug|Any CPU
		{0E645EBA-A244-4136-9DFF-5DBFC13A00C6}.Release|Any CPU.ActiveCfg = Release|Any CPU
		{0E645EBA-A244-4136-9DFF-5DBFC13A00C6}.Release|Any CPU.Build.0 = Release|Any CPU
		{7A60D449-E4AD-4B0F-84F8-7716C897A95D}.Debug|Any CPU.ActiveCfg = Debug|Any CPU
		{7A60D449-E4AD-4B0F-84F8-7716C897A95D}.Debug|Any CPU.Build.0 = Debug|Any CPU
		{7A60D449-E4AD-4B0F-84F8-7716C897A95D}.Release|Any CPU.ActiveCfg = Release|Any CPU
		{7A60D449-E4AD-4B0F-84F8-7716C897A95D}.Release|Any CPU.Build.0 = Release|Any CPU
		{00DE5197-F993-4E9E-BA7B-9E92656C8101}.Debug|Any CPU.ActiveCfg = Debug|Any CPU
		{00DE5197-F993-4E9E-BA7B-9E92656C8101}.Debug|Any CPU.Build.0 = Debug|Any CPU
		{00DE5197-F993-4E9E-BA7B-9E92656C8101}.Release|Any CPU.ActiveCfg = Release|Any CPU
		{00DE5197-F993-4E9E-BA7B-9E92656C8101}.Release|Any CPU.Build.0 = Release|Any CPU
		{AA532090-0443-4C9D-A74D-22DEA9016384}.Debug|Any CPU.ActiveCfg = Debug|Any CPU
		{AA532090-0443-4C9D-A74D-22DEA9016384}.Debug|Any CPU.Build.0 = Debug|Any CPU
		{AA532090-0443-4C9D-A74D-22DEA9016384}.Release|Any CPU.ActiveCfg = Release|Any CPU
		{AA532090-0443-4C9D-A74D-22DEA9016384}.Release|Any CPU.Build.0 = Release|Any CPU
		{95C6836F-0A7C-438C-8FA9-08DFE2DCB2CE}.Debug|Any CPU.ActiveCfg = Debug|Any CPU
		{95C6836F-0A7C-438C-8FA9-08DFE2DCB2CE}.Debug|Any CPU.Build.0 = Debug|Any CPU
		{95C6836F-0A7C-438C-8FA9-08DFE2DCB2CE}.Release|Any CPU.ActiveCfg = Release|Any CPU
		{95C6836F-0A7C-438C-8FA9-08DFE2DCB2CE}.Release|Any CPU.Build.0 = Release|Any CPU
		{DB55A6A3-382E-47B0-A9C4-7B0AC13DA2F8}.Debug|Any CPU.ActiveCfg = Debug|Any CPU
		{DB55A6A3-382E-47B0-A9C4-7B0AC13DA2F8}.Debug|Any CPU.Build.0 = Debug|Any CPU
		{DB55A6A3-382E-47B0-A9C4-7B0AC13DA2F8}.Release|Any CPU.ActiveCfg = Release|Any CPU
		{DB55A6A3-382E-47B0-A9C4-7B0AC13DA2F8}.Release|Any CPU.Build.0 = Release|Any CPU
		{A1114995-2EB6-4906-848E-5E81423F30F8}.Debug|Any CPU.ActiveCfg = Debug|Any CPU
		{A1114995-2EB6-4906-848E-5E81423F30F8}.Debug|Any CPU.Build.0 = Debug|Any CPU
		{A1114995-2EB6-4906-848E-5E81423F30F8}.Release|Any CPU.ActiveCfg = Release|Any CPU
		{A1114995-2EB6-4906-848E-5E81423F30F8}.Release|Any CPU.Build.0 = Release|Any CPU
		{BC7B03E2-8658-4235-A47C-F41333BFA818}.Debug|Any CPU.ActiveCfg = Debug|Any CPU
		{BC7B03E2-8658-4235-A47C-F41333BFA818}.Debug|Any CPU.Build.0 = Debug|Any CPU
		{BC7B03E2-8658-4235-A47C-F41333BFA818}.Release|Any CPU.ActiveCfg = Release|Any CPU
		{BC7B03E2-8658-4235-A47C-F41333BFA818}.Release|Any CPU.Build.0 = Release|Any CPU
		{7E5A1A0A-88A0-4F41-A8EF-8873201FEFA5}.Debug|Any CPU.ActiveCfg = Debug|Any CPU
		{7E5A1A0A-88A0-4F41-A8EF-8873201FEFA5}.Debug|Any CPU.Build.0 = Debug|Any CPU
		{7E5A1A0A-88A0-4F41-A8EF-8873201FEFA5}.Release|Any CPU.ActiveCfg = Release|Any CPU
		{7E5A1A0A-88A0-4F41-A8EF-8873201FEFA5}.Release|Any CPU.Build.0 = Release|Any CPU
		{0E0E0C5F-0E64-4879-888A-1A6564E1D994}.Debug|Any CPU.ActiveCfg = Debug|Any CPU
		{0E0E0C5F-0E64-4879-888A-1A6564E1D994}.Debug|Any CPU.Build.0 = Debug|Any CPU
		{0E0E0C5F-0E64-4879-888A-1A6564E1D994}.Release|Any CPU.ActiveCfg = Release|Any CPU
		{0E0E0C5F-0E64-4879-888A-1A6564E1D994}.Release|Any CPU.Build.0 = Release|Any CPU
	EndGlobalSection
	GlobalSection(NestedProjects) = preSolution
		{03B3F181-5EF4-4BB7-9893-25EFB98B778A} = {99FC3803-0CD9-4EDB-AF90-97682A304FC1}
		{4C4A45F2-7FFD-4799-8813-68F08FE66944} = {99FC3803-0CD9-4EDB-AF90-97682A304FC1}
		{8BA9F4F8-F871-4E3E-B0D6-772EBF6DA044} = {99FC3803-0CD9-4EDB-AF90-97682A304FC1}
		{DC08DBEA-2F96-4E3B-B5D6-0813AC9A5E7E} = {99FC3803-0CD9-4EDB-AF90-97682A304FC1}
		{5D546871-A353-4217-B6C3-ACC246F6F45E} = {99FC3803-0CD9-4EDB-AF90-97682A304FC1}
		{0E645EBA-A244-4136-9DFF-5DBFC13A00C6} = {99FC3803-0CD9-4EDB-AF90-97682A304FC1}
		{7A60D449-E4AD-4B0F-84F8-7716C897A95D} = {99FC3803-0CD9-4EDB-AF90-97682A304FC1}
		{00DE5197-F993-4E9E-BA7B-9E92656C8101} = {99FC3803-0CD9-4EDB-AF90-97682A304FC1}
		{AA532090-0443-4C9D-A74D-22DEA9016384} = {DD4A1557-C02C-4250-81B8-D7E9C9D9F79E}
		{95C6836F-0A7C-438C-8FA9-08DFE2DCB2CE} = {DD4A1557-C02C-4250-81B8-D7E9C9D9F79E}
		{DB55A6A3-382E-47B0-A9C4-7B0AC13DA2F8} = {DD4A1557-C02C-4250-81B8-D7E9C9D9F79E}
		{A1114995-2EB6-4906-848E-5E81423F30F8} = {DD4A1557-C02C-4250-81B8-D7E9C9D9F79E}
		{BC7B03E2-8658-4235-A47C-F41333BFA818} = {DD4A1557-C02C-4250-81B8-D7E9C9D9F79E}
		{7E5A1A0A-88A0-4F41-A8EF-8873201FEFA5} = {99FC3803-0CD9-4EDB-AF90-97682A304FC1}
		{0E0E0C5F-0E64-4879-888A-1A6564E1D994} = {DD4A1557-C02C-4250-81B8-D7E9C9D9F79E}
	EndGlobalSection
EndGlobal
